
Microsoft Visual Studio Solution File, Format Version 12.00
# Visual Studio Version 17
VisualStudioVersion = 17.9.34607.119
MinimumVisualStudioVersion = 10.0.40219.1
Project("{9A19103F-16F7-4668-BE54-9A1E7A4F7556}") = "RoutingExample", "RoutingExample\RoutingExample.csproj", "{2926B9C4-276A-47A1-A8FB-F4B5A8FDAF1A}"
EndProject
Project("{FAE04EC0-301F-11D3-BF4B-00C04F79EFBC}") = "StaticFilesExample", "StaticFilesExample\StaticFilesExample.csproj", "{73A027D2-D52B-4213-87DB-A26857EA7C8E}"
EndProject
Project("{FAE04EC0-301F-11D3-BF4B-00C04F79EFBC}") = "CountriesRouting", "CountriesRouting\CountriesRouting.csproj", "{ED5727B0-76E2-4B20-9C7F-B22BC422CF39}"
EndProject
Global
	GlobalSection(SolutionConfigurationPlatforms) = preSolution
		Debug|Any CPU = Debug|Any CPU
		Release|Any CPU = Release|Any CPU
	EndGlobalSection
	GlobalSection(ProjectConfigurationPlatforms) = postSolution
		{2926B9C4-276A-47A1-A8FB-F4B5A8FDAF1A}.Debug|Any CPU.ActiveCfg = Debug|Any CPU
		{2926B9C4-276A-47A1-A8FB-F4B5A8FDAF1A}.Debug|Any CPU.Build.0 = Debug|Any CPU
		{2926B9C4-276A-47A1-A8FB-F4B5A8FDAF1A}.Release|Any CPU.ActiveCfg = Release|Any CPU
		{2926B9C4-276A-47A1-A8FB-F4B5A8FDAF1A}.Release|Any CPU.Build.0 = Release|Any CPU
		{73A027D2-D52B-4213-87DB-A26857EA7C8E}.Debug|Any CPU.ActiveCfg = Debug|Any CPU
		{73A027D2-D52B-4213-87DB-A26857EA7C8E}.Debug|Any CPU.Build.0 = Debug|Any CPU
		{73A027D2-D52B-4213-87DB-A26857EA7C8E}.Release|Any CPU.ActiveCfg = Release|Any CPU
		{73A027D2-D52B-4213-87DB-A26857EA7C8E}.Release|Any CPU.Build.0 = Release|Any CPU
		{ED5727B0-76E2-4B20-9C7F-B22BC422CF39}.Debug|Any CPU.ActiveCfg = Debug|Any CPU
		{ED5727B0-76E2-4B20-9C7F-B22BC422CF39}.Debug|Any CPU.Build.0 = Debug|Any CPU
		{ED5727B0-76E2-4B20-9C7F-B22BC422CF39}.Release|Any CPU.ActiveCfg = Release|Any CPU
		{ED5727B0-76E2-4B20-9C7F-B22BC422CF39}.Release|Any CPU.Build.0 = Release|Any CPU
	EndGlobalSection
	GlobalSection(SolutionProperties) = preSolution
		HideSolutionNode = FALSE
	EndGlobalSection
	GlobalSection(ExtensibilityGlobals) = postSolution
		SolutionGuid = {23FC45B3-7153-4A9F-A4D1-7F6614A3DDD9}
	EndGlobalSection
EndGlobal
