
Microsoft Visual Studio Solution File, Format Version 12.00
# Visual Studio Version 17
VisualStudioVersion = 17.9.34607.119
MinimumVisualStudioVersion = 10.0.40219.1
Project("{FAE04EC0-301F-11D3-BF4B-00C04F79EFBC}") = "EnvironmentsExample", "EnvironmentsExample\EnvironmentsExample.csproj", "{619D0FED-52C6-4EF8-8B5E-A896EED83B09}"
EndProject
Global
	GlobalSection(SolutionConfigurationPlatforms) = preSolution
		Debug|Any CPU = Debug|Any CPU
		Release|Any CPU = Release|Any CPU
	EndGlobalSection
	GlobalSection(ProjectConfigurationPlatforms) = postSolution
		{619D0FED-52C6-4EF8-8B5E-A896EED83B09}.Debug|Any CPU.ActiveCfg = Debug|Any CPU
		{619D0FED-52C6-4EF8-8B5E-A896EED83B09}.Debug|Any CPU.Build.0 = Debug|Any CPU
		{619D0FED-52C6-4EF8-8B5E-A896EED83B09}.Release|Any CPU.ActiveCfg = Release|Any CPU
		{619D0FED-52C6-4EF8-8B5E-A896EED83B09}.Release|Any CPU.Build.0 = Release|Any CPU
	EndGlobalSection
	GlobalSection(SolutionProperties) = preSolution
		HideSolutionNode = FALSE
	EndGlobalSection
	GlobalSection(ExtensibilityGlobals) = postSolution
		SolutionGuid = {3F96BCFF-2BE2-4478-9403-1E2DC1F37F40}
	EndGlobalSection
EndGlobal
