
Microsoft Visual Studio Solution File, Format Version 12.00
# Visual Studio Version 17
VisualStudioVersion = 17.9.34607.119
MinimumVisualStudioVersion = 10.0.40219.1
Project("{FAE04EC0-301F-11D3-BF4B-00C04F79EFBC}") = "CRUDExample", "CRUDExample\CRUDExample.csproj", "{78157E31-5C50-4176-ADA6-8E23C87A6420}"
EndProject
Project("{FAE04EC0-301F-11D3-BF4B-00C04F79EFBC}") = "CRUDTests", "CRUDTests\CRUDTests.csproj", "{0AD801DD-930A-408C-B4AE-18AE197C58BE}"
EndProject
Global
	GlobalSection(SolutionConfigurationPlatforms) = preSolution
		Debug|Any CPU = Debug|Any CPU
		Release|Any CPU = Release|Any CPU
	EndGlobalSection
	GlobalSection(ProjectConfigurationPlatforms) = postSolution
		{78157E31-5C50-4176-ADA6-8E23C87A6420}.Debug|Any CPU.ActiveCfg = Debug|Any CPU
		{78157E31-5C50-4176-ADA6-8E23C87A6420}.Debug|Any CPU.Build.0 = Debug|Any CPU
		{78157E31-5C50-4176-ADA6-8E23C87A6420}.Release|Any CPU.ActiveCfg = Release|Any CPU
		{78157E31-5C50-4176-ADA6-8E23C87A6420}.Release|Any CPU.Build.0 = Release|Any CPU
		{0AD801DD-930A-408C-B4AE-18AE197C58BE}.Debug|Any CPU.ActiveCfg = Debug|Any CPU
		{0AD801DD-930A-408C-B4AE-18AE197C58BE}.Debug|Any CPU.Build.0 = Debug|Any CPU
		{0AD801DD-930A-408C-B4AE-18AE197C58BE}.Release|Any CPU.ActiveCfg = Release|Any CPU
		{0AD801DD-930A-408C-B4AE-18AE197C58BE}.Release|Any CPU.Build.0 = Release|Any CPU
	EndGlobalSection
	GlobalSection(SolutionProperties) = preSolution
		HideSolutionNode = FALSE
	EndGlobalSection
	GlobalSection(ExtensibilityGlobals) = postSolution
		SolutionGuid = {FA946E53-F91C-4281-9068-FD18E069F325}
	EndGlobalSection
EndGlobal
