
Microsoft Visual Studio Solution File, Format Version 12.00
# Visual Studio Version 17
VisualStudioVersion = 17.5.002.0
MinimumVisualStudioVersion = 10.0.40219.1
Project("{9A19103F-16F7-4668-BE54-9A1E7A4F7556}") = "WeatherAppExercise", "WeatherAppExercise.csproj", "{C867AEE7-0811-4043-AD80-FDDE329E26E5}"
EndProject
Project("{9A19103F-16F7-4668-BE54-9A1E7A4F7556}") = "WeatherAppWithLayoutsExample", "WeatherAppWithLayoutsExample.csproj", "{514CA383-2A0D-428E-9321-2FD130F44E98}"
EndProject
Global
	GlobalSection(SolutionConfigurationPlatforms) = preSolution
		Debug|Any CPU = Debug|Any CPU
		Release|Any CPU = Release|Any CPU
	EndGlobalSection
	GlobalSection(ProjectConfigurationPlatforms) = postSolution
		{C867AEE7-0811-4043-AD80-FDDE329E26E5}.Debug|Any CPU.ActiveCfg = Debug|Any CPU
		{C867AEE7-0811-4043-AD80-FDDE329E26E5}.Debug|Any CPU.Build.0 = Debug|Any CPU
		{C867AEE7-0811-4043-AD80-FDDE329E26E5}.Release|Any CPU.ActiveCfg = Release|Any CPU
		{C867AEE7-0811-4043-AD80-FDDE329E26E5}.Release|Any CPU.Build.0 = Release|Any CPU
		{514CA383-2A0D-428E-9321-2FD130F44E98}.Debug|Any CPU.ActiveCfg = Debug|Any CPU
		{514CA383-2A0D-428E-9321-2FD130F44E98}.Debug|Any CPU.Build.0 = Debug|Any CPU
		{514CA383-2A0D-428E-9321-2FD130F44E98}.Release|Any CPU.ActiveCfg = Release|Any CPU
		{514CA383-2A0D-428E-9321-2FD130F44E98}.Release|Any CPU.Build.0 = Release|Any CPU
	EndGlobalSection
	GlobalSection(SolutionProperties) = preSolution
		HideSolutionNode = FALSE
	EndGlobalSection
	GlobalSection(ExtensibilityGlobals) = postSolution
		SolutionGuid = {41D3E0CE-D672-4FB5-B5B8-6C2C19C85FBD}
	EndGlobalSection
EndGlobal
