
Microsoft Visual Studio Solution File, Format Version 12.00
# Visual Studio Version 17
VisualStudioVersion = 17.9.34607.119
MinimumVisualStudioVersion = 10.0.40219.1
Project("{FAE04EC0-301F-11D3-BF4B-00C04F79EFBC}") = "MyFirstApp", "MyFirstApp\MyFirstApp.csproj", "{1B3B33D2-CEE1-4D17-BCF6-E646A1C6C63F}"
EndProject
Global
	GlobalSection(SolutionConfigurationPlatforms) = preSolution
		Debug|Any CPU = Debug|Any CPU
		Release|Any CPU = Release|Any CPU
	EndGlobalSection
	GlobalSection(ProjectConfigurationPlatforms) = postSolution
		{1B3B33D2-CEE1-4D17-BCF6-E646A1C6C63F}.Debug|Any CPU.ActiveCfg = Debug|Any CPU
		{1B3B33D2-CEE1-4D17-BCF6-E646A1C6C63F}.Debug|Any CPU.Build.0 = Debug|Any CPU
		{1B3B33D2-CEE1-4D17-BCF6-E646A1C6C63F}.Release|Any CPU.ActiveCfg = Release|Any CPU
		{1B3B33D2-CEE1-4D17-BCF6-E646A1C6C63F}.Release|Any CPU.Build.0 = Release|Any CPU
	EndGlobalSection
	GlobalSection(SolutionProperties) = preSolution
		HideSolutionNode = FALSE
	EndGlobalSection
	GlobalSection(ExtensibilityGlobals) = postSolution
		SolutionGuid = {0576A80E-EC5B-43B9-9F3A-1DF120FA12D7}
	EndGlobalSection
EndGlobal
