
Microsoft Visual Studio Solution File, Format Version 12.00
# Visual Studio Version 17
VisualStudioVersion = 17.9.34607.119
MinimumVisualStudioVersion = 10.0.40219.1
Project("{FAE04EC0-301F-11D3-BF4B-00C04F79EFBC}") = "MiddlewareExample", "MiddlewareExample\MiddlewareExample.csproj", "{76EFC456-1C63-4AD3-BD37-49A81B646499}"
EndProject
Global
	GlobalSection(SolutionConfigurationPlatforms) = preSolution
		Debug|Any CPU = Debug|Any CPU
		Release|Any CPU = Release|Any CPU
	EndGlobalSection
	GlobalSection(ProjectConfigurationPlatforms) = postSolution
		{76EFC456-1C63-4AD3-BD37-49A81B646499}.Debug|Any CPU.ActiveCfg = Debug|Any CPU
		{76EFC456-1C63-4AD3-BD37-49A81B646499}.Debug|Any CPU.Build.0 = Debug|Any CPU
		{76EFC456-1C63-4AD3-BD37-49A81B646499}.Release|Any CPU.ActiveCfg = Release|Any CPU
		{76EFC456-1C63-4AD3-BD37-49A81B646499}.Release|Any CPU.Build.0 = Release|Any CPU
	EndGlobalSection
	GlobalSection(SolutionProperties) = preSolution
		HideSolutionNode = FALSE
	EndGlobalSection
	GlobalSection(ExtensibilityGlobals) = postSolution
		SolutionGuid = {45CE9F9C-D5EB-454E-8340-C49CACACB53A}
	EndGlobalSection
EndGlobal
